# This file is autogenerated, do not edit; changes may be undone by the next 'dep ensure'.


[[projects]]
  branch = "master"
  name = "github.com/faiface/beep"
  packages = ["."]
  revision = "4ec0906f41871d561558e3e0643f71fb8bf08885"

[[projects]]
  name = "github.com/faiface/pixel"
  packages = [
    ".",
    "text"
  ]
  revision = "2d9a739e406f1f7093747c599d844e50c6e92d0e"
  version = "v0.7"

[[projects]]
  branch = "master"
  name = "github.com/golang-collections/collections"
  packages = ["stack"]
  revision = "604e922904d35e97f98a774db7881f049cd8d970"

[[projects]]
  name = "github.com/hnlq715/golang-lru"
  packages = [
    ".",
    "simplelru"
  ]
  revision = "518996bc299c9ad2f57c4f6dbe4213c8e12cbfe9"
  version = "v0.1.0"

[[projects]]
  branch = "master"
  name = "golang.org/x/image"
  packages = [
    "font",
    "font/basicfont",
    "font/plan9font",
    "math/fixed"
  ]
  revision = "f315e440302883054d0c2bd85486878cb4f8572c"

[solve-meta]
  analyzer-name = "dep"
  analyzer-version = 1
  inputs-digest = "48ea106cf0d74f413f87fd55239c6490afeb608b0e3e061eb4c16cb5c6c42aae"
  solver-name = "gps-cdcl"
  solver-version = 1
